
Microsoft Visual Studio Solution File, Format Version 12.00
# Visual Studio 15
VisualStudioVersion = 15.0.27130.2010
MinimumVisualStudioVersion = 10.0.40219.1
Project("{FAE04EC0-301F-11D3-BF4B-00C04F79EFBC}") = "MyFirstApplication", "MyFirstApplication\MyFirstApplication.csproj", "{B88F5312-9830-44D7-AE3E-13C96D617B61}"
EndProject
Global
	GlobalSection(SolutionConfigurationPlatforms) = preSolution
		Debug|Any CPU = Debug|Any CPU
		Release|Any CPU = Release|Any CPU
	EndGlobalSection
	GlobalSection(ProjectConfigurationPlatforms) = postSolution
		{B88F5312-9830-44D7-AE3E-13C96D617B61}.Debug|Any CPU.ActiveCfg = Debug|Any CPU
		{B88F5312-9830-44D7-AE3E-13C96D617B61}.Debug|Any CPU.Build.0 = Debug|Any CPU
		{B88F5312-9830-44D7-AE3E-13C96D617B61}.Release|Any CPU.ActiveCfg = Release|Any CPU
		{B88F5312-9830-44D7-AE3E-13C96D617B61}.Release|Any CPU.Build.0 = Release|Any CPU
	EndGlobalSection
	GlobalSection(SolutionProperties) = preSolution
		HideSolutionNode = FALSE
	EndGlobalSection
	GlobalSection(ExtensibilityGlobals) = postSolution
		SolutionGuid = {F1EF0002-0C2C-4A00-8085-4B297DA608A4}
	EndGlobalSection
EndGlobal
